Microsoft Visual Studio Solution File, Format Version 12.00
# Visual Studio Version 16
VisualStudioVersion = 16.0.0.0
MinimumVisualStudioVersion = 16.0.0.0
Project("{9A19103F-16F7-4668-BE54-9A1E7A4F7556}") = "BlazorModularMonolith.Web", "BlazorModularMonolith.Web\BlazorModularMonolith.Web.csproj", "{BE9C4DE5-C28D-4DAC-95EF-5DE4AB2A6E4B}"
EndProject
Project("{9A19103F-16F7-4668-BE54-9A1E7A4F7556}") = "BlazorModularMonolith.Web.Client", "BlazorModularMonolith.Web.Client\BlazorModularMonolith.Web.Client.csproj", "{B80F432C-329A-4C3A-A29A-F43D4B564D8D}"
EndProject
Global
	GlobalSection(SolutionConfigurationPlatforms) = preSolution
		Debug|Any CPU = Debug|Any CPU
		Debug|x64 = Debug|x64
		Debug|x86 = Debug|x86
		Release|Any CPU = Release|Any CPU
		Release|x64 = Release|x64
		Release|x86 = Release|x86
	EndGlobalSection
	GlobalSection(ProjectConfigurationPlatforms) = postSolution
		{B80F432C-329A-4C3A-A29A-F43D4B564D8D}.Debug|Any CPU.ActiveCfg = Debug|Any CPU
		{B80F432C-329A-4C3A-A29A-F43D4B564D8D}.Debug|Any CPU.Build.0 = Debug|Any CPU
		{B80F432C-329A-4C3A-A29A-F43D4B564D8D}.Debug|x64.ActiveCfg = Debug|Any CPU
		{B80F432C-329A-4C3A-A29A-F43D4B564D8D}.Debug|x64.Build.0 = Debug|Any CPU
		{B80F432C-329A-4C3A-A29A-F43D4B564D8D}.Debug|x86.ActiveCfg = Debug|Any CPU
		{B80F432C-329A-4C3A-A29A-F43D4B564D8D}.Debug|x86.Build.0 = Debug|Any CPU
		{B80F432C-329A-4C3A-A29A-F43D4B564D8D}.Release|Any CPU.ActiveCfg = Release|Any CPU
		{B80F432C-329A-4C3A-A29A-F43D4B564D8D}.Release|Any CPU.Build.0 = Release|Any CPU
		{B80F432C-329A-4C3A-A29A-F43D4B564D8D}.Release|x64.ActiveCfg = Release|Any CPU
		{B80F432C-329A-4C3A-A29A-F43D4B564D8D}.Release|x64.Build.0 = Release|Any CPU
		{B80F432C-329A-4C3A-A29A-F43D4B564D8D}.Release|x86.ActiveCfg = Release|Any CPU
		{B80F432C-329A-4C3A-A29A-F43D4B564D8D}.Release|x86.Build.0 = Release|Any CPU
		{BE9C4DE5-C28D-4DAC-95EF-5DE4AB2A6E4B}.Debug|Any CPU.ActiveCfg = Debug|Any CPU
		{BE9C4DE5-C28D-4DAC-95EF-5DE4AB2A6E4B}.Debug|Any CPU.Build.0 = Debug|Any CPU
		{BE9C4DE5-C28D-4DAC-95EF-5DE4AB2A6E4B}.Debug|x64.ActiveCfg = Debug|Any CPU
		{BE9C4DE5-C28D-4DAC-95EF-5DE4AB2A6E4B}.Debug|x64.Build.0 = Debug|Any CPU
		{BE9C4DE5-C28D-4DAC-95EF-5DE4AB2A6E4B}.Debug|x86.ActiveCfg = Debug|Any CPU
		{BE9C4DE5-C28D-4DAC-95EF-5DE4AB2A6E4B}.Debug|x86.Build.0 = Debug|Any CPU
		{BE9C4DE5-C28D-4DAC-95EF-5DE4AB2A6E4B}.Release|Any CPU.ActiveCfg = Release|Any CPU
		{BE9C4DE5-C28D-4DAC-95EF-5DE4AB2A6E4B}.Release|Any CPU.Build.0 = Release|Any CPU
		{BE9C4DE5-C28D-4DAC-95EF-5DE4AB2A6E4B}.Release|x64.ActiveCfg = Release|Any CPU
		{BE9C4DE5-C28D-4DAC-95EF-5DE4AB2A6E4B}.Release|x64.Build.0 = Release|Any CPU
		{BE9C4DE5-C28D-4DAC-95EF-5DE4AB2A6E4B}.Release|x86.ActiveCfg = Release|Any CPU
		{BE9C4DE5-C28D-4DAC-95EF-5DE4AB2A6E4B}.Release|x86.Build.0 = Release|Any CPU
	EndGlobalSection
	GlobalSection(SolutionProperties) = preSolution
		HideSolutionNode = FALSE
	EndGlobalSection
	GlobalSection(ExtensibilityGlobals) = postSolution
		SolutionGuid = {9C90C8AC-BD51-416F-9A95-7037C5066CC2}
	EndGlobalSection
EndGlobal
